
Microsoft Visual Studio Solution File, Format Version 12.00
# 
Project("{FAE04EC0-301F-11D3-BF4B-00C04F79EFBC}") = "QsNet", "QsNet\QsNet.csproj", "{0F3091A6-1EDA-4695-AE1F-C43A3CF59247}"
EndProject
Project("{FAE04EC0-301F-11D3-BF4B-00C04F79EFBC}") = "QsNet.Tests", "QsNet.Tests\QsNet.Tests.csproj", "{6497BC43-C7B6-4AF2-9E93-4A4BA3F37DCD}"
EndProject
Project("{FAE04EC0-301F-11D3-BF4B-00C04F79EFBC}") = "QsNet.Comparison", "QsNet.Comparison\QsNet.Comparison.csproj", "{C16E57F3-2A36-4284-A4C8-C5B17E1B4A5D}"
EndProject
Project("{FAE04EC0-301F-11D3-BF4B-00C04F79EFBC}") = "QsNet.AspNetCore", "QsNet.AspNetCore\QsNet.AspNetCore.csproj", "{8E33E5C6-6B1B-4A77-A882-6E3B5B184A1C}"
EndProject
Project("{FAE04EC0-301F-11D3-BF4B-00C04F79EFBC}") = "QsNet.AspNetCore.Tests", "QsNet.AspNetCore.Tests\QsNet.AspNetCore.Tests.csproj", "{B2A8590B-532B-40E0-9D6D-8D5E07C931F6}"
EndProject
Project("{FAE04EC0-301F-11D3-BF4B-00C04F79EFBC}") = "QsNet.Flurl", "QsNet.Flurl\QsNet.Flurl.csproj", "{AE24D6EE-4F41-4BCC-A7AF-952A535B8EC3}"
EndProject
Project("{FAE04EC0-301F-11D3-BF4B-00C04F79EFBC}") = "QsNet.Flurl.Tests", "QsNet.Flurl.Tests\QsNet.Flurl.Tests.csproj", "{75C93610-FB96-4B83-A05C-B6987F66B8FF}"
EndProject
Project("{FAE04EC0-301F-11D3-BF4B-00C04F79EFBC}") = "QsNet.Refit", "QsNet.Refit\QsNet.Refit.csproj", "{AAC1F4B8-001B-4EF9-BD03-E3DD9882854D}"
EndProject
Project("{FAE04EC0-301F-11D3-BF4B-00C04F79EFBC}") = "QsNet.Refit.Tests", "QsNet.Refit.Tests\QsNet.Refit.Tests.csproj", "{38E7490C-93DA-4101-A8D4-C06A9395574B}"
EndProject
Global
	GlobalSection(SolutionConfigurationPlatforms) = preSolution
		Debug|Any CPU = Debug|Any CPU
		Release|Any CPU = Release|Any CPU
	EndGlobalSection
	GlobalSection(ProjectConfigurationPlatforms) = postSolution
		{0F3091A6-1EDA-4695-AE1F-C43A3CF59247}.Debug|Any CPU.ActiveCfg = Debug|Any CPU
		{0F3091A6-1EDA-4695-AE1F-C43A3CF59247}.Debug|Any CPU.Build.0 = Debug|Any CPU
		{0F3091A6-1EDA-4695-AE1F-C43A3CF59247}.Release|Any CPU.ActiveCfg = Release|Any CPU
		{0F3091A6-1EDA-4695-AE1F-C43A3CF59247}.Release|Any CPU.Build.0 = Release|Any CPU
		{6497BC43-C7B6-4AF2-9E93-4A4BA3F37DCD}.Debug|Any CPU.ActiveCfg = Debug|Any CPU
		{6497BC43-C7B6-4AF2-9E93-4A4BA3F37DCD}.Debug|Any CPU.Build.0 = Debug|Any CPU
		{6497BC43-C7B6-4AF2-9E93-4A4BA3F37DCD}.Release|Any CPU.ActiveCfg = Release|Any CPU
		{6497BC43-C7B6-4AF2-9E93-4A4BA3F37DCD}.Release|Any CPU.Build.0 = Release|Any CPU
		{C16E57F3-2A36-4284-A4C8-C5B17E1B4A5D}.Debug|Any CPU.ActiveCfg = Debug|Any CPU
		{C16E57F3-2A36-4284-A4C8-C5B17E1B4A5D}.Debug|Any CPU.Build.0 = Debug|Any CPU
		{C16E57F3-2A36-4284-A4C8-C5B17E1B4A5D}.Release|Any CPU.ActiveCfg = Release|Any CPU
		{C16E57F3-2A36-4284-A4C8-C5B17E1B4A5D}.Release|Any CPU.Build.0 = Release|Any CPU
		{8E33E5C6-6B1B-4A77-A882-6E3B5B184A1C}.Debug|Any CPU.ActiveCfg = Debug|Any CPU
		{8E33E5C6-6B1B-4A77-A882-6E3B5B184A1C}.Debug|Any CPU.Build.0 = Debug|Any CPU
		{8E33E5C6-6B1B-4A77-A882-6E3B5B184A1C}.Release|Any CPU.ActiveCfg = Release|Any CPU
		{8E33E5C6-6B1B-4A77-A882-6E3B5B184A1C}.Release|Any CPU.Build.0 = Release|Any CPU
		{B2A8590B-532B-40E0-9D6D-8D5E07C931F6}.Debug|Any CPU.ActiveCfg = Debug|Any CPU
		{B2A8590B-532B-40E0-9D6D-8D5E07C931F6}.Debug|Any CPU.Build.0 = Debug|Any CPU
		{B2A8590B-532B-40E0-9D6D-8D5E07C931F6}.Release|Any CPU.ActiveCfg = Release|Any CPU
		{B2A8590B-532B-40E0-9D6D-8D5E07C931F6}.Release|Any CPU.Build.0 = Release|Any CPU
		{AE24D6EE-4F41-4BCC-A7AF-952A535B8EC3}.Debug|Any CPU.ActiveCfg = Debug|Any CPU
		{AE24D6EE-4F41-4BCC-A7AF-952A535B8EC3}.Debug|Any CPU.Build.0 = Debug|Any CPU
		{AE24D6EE-4F41-4BCC-A7AF-952A535B8EC3}.Release|Any CPU.ActiveCfg = Release|Any CPU
		{AE24D6EE-4F41-4BCC-A7AF-952A535B8EC3}.Release|Any CPU.Build.0 = Release|Any CPU
		{75C93610-FB96-4B83-A05C-B6987F66B8FF}.Debug|Any CPU.ActiveCfg = Debug|Any CPU
		{75C93610-FB96-4B83-A05C-B6987F66B8FF}.Debug|Any CPU.Build.0 = Debug|Any CPU
		{75C93610-FB96-4B83-A05C-B6987F66B8FF}.Release|Any CPU.ActiveCfg = Release|Any CPU
		{75C93610-FB96-4B83-A05C-B6987F66B8FF}.Release|Any CPU.Build.0 = Release|Any CPU
		{AAC1F4B8-001B-4EF9-BD03-E3DD9882854D}.Debug|Any CPU.ActiveCfg = Debug|Any CPU
		{AAC1F4B8-001B-4EF9-BD03-E3DD9882854D}.Debug|Any CPU.Build.0 = Debug|Any CPU
		{AAC1F4B8-001B-4EF9-BD03-E3DD9882854D}.Release|Any CPU.ActiveCfg = Release|Any CPU
		{AAC1F4B8-001B-4EF9-BD03-E3DD9882854D}.Release|Any CPU.Build.0 = Release|Any CPU
		{38E7490C-93DA-4101-A8D4-C06A9395574B}.Debug|Any CPU.ActiveCfg = Debug|Any CPU
		{38E7490C-93DA-4101-A8D4-C06A9395574B}.Debug|Any CPU.Build.0 = Debug|Any CPU
		{38E7490C-93DA-4101-A8D4-C06A9395574B}.Release|Any CPU.ActiveCfg = Release|Any CPU
		{38E7490C-93DA-4101-A8D4-C06A9395574B}.Release|Any CPU.Build.0 = Release|Any CPU
	EndGlobalSection
EndGlobal
