
Microsoft Visual Studio Solution File, Format Version 12.00
Project("{FAE04EC0-301F-11D3-BF4B-00C04F79EFBC}") = "QsNet", "QsNet\QsNet.csproj", "{0F3091A6-1EDA-4695-AE1F-C43A3CF59247}"
EndProject
Project("{FAE04EC0-301F-11D3-BF4B-00C04F79EFBC}") = "QsNet.Tests", "QsNet.Tests\QsNet.Tests.csproj", "{6497BC43-C7B6-4AF2-9E93-4A4BA3F37DCD}"
EndProject
Global
	GlobalSection(SolutionConfigurationPlatforms) = preSolution
		Debug|Any CPU = Debug|Any CPU
		Release|Any CPU = Release|Any CPU
	EndGlobalSection
	GlobalSection(ProjectConfigurationPlatforms) = postSolution
		{0F3091A6-1EDA-4695-AE1F-C43A3CF59247}.Debug|Any CPU.ActiveCfg = Debug|Any CPU
		{0F3091A6-1EDA-4695-AE1F-C43A3CF59247}.Debug|Any CPU.Build.0 = Debug|Any CPU
		{0F3091A6-1EDA-4695-AE1F-C43A3CF59247}.Release|Any CPU.ActiveCfg = Release|Any CPU
		{0F3091A6-1EDA-4695-AE1F-C43A3CF59247}.Release|Any CPU.Build.0 = Release|Any CPU
		{6497BC43-C7B6-4AF2-9E93-4A4BA3F37DCD}.Debug|Any CPU.ActiveCfg = Debug|Any CPU
		{6497BC43-C7B6-4AF2-9E93-4A4BA3F37DCD}.Debug|Any CPU.Build.0 = Debug|Any CPU
		{6497BC43-C7B6-4AF2-9E93-4A4BA3F37DCD}.Release|Any CPU.ActiveCfg = Release|Any CPU
		{6497BC43-C7B6-4AF2-9E93-4A4BA3F37DCD}.Release|Any CPU.Build.0 = Release|Any CPU
	EndGlobalSection
EndGlobal
